
Microsoft Visual Studio Solution File, Format Version 12.00
# Visual Studio Version 17
VisualStudioVersion = 17.0.32014.148
MinimumVisualStudioVersion = 10.0.40219.1
Project("{FAE04EC0-301F-11D3-BF4B-00C04F79EFBC}") = "lab666", "lab666\lab666.csproj", "{626484A9-CE2C-4F3A-817C-E7CD1B1AEA99}"
EndProject
Global
	GlobalSection(SolutionConfigurationPlatforms) = preSolution
		Debug|Any CPU = Debug|Any CPU
		Release|Any CPU = Release|Any CPU
	EndGlobalSection
	GlobalSection(ProjectConfigurationPlatforms) = postSolution
		{626484A9-CE2C-4F3A-817C-E7CD1B1AEA99}.Debug|Any CPU.ActiveCfg = Debug|Any CPU
		{626484A9-CE2C-4F3A-817C-E7CD1B1AEA99}.Debug|Any CPU.Build.0 = Debug|Any CPU
		{626484A9-CE2C-4F3A-817C-E7CD1B1AEA99}.Release|Any CPU.ActiveCfg = Release|Any CPU
		{626484A9-CE2C-4F3A-817C-E7CD1B1AEA99}.Release|Any CPU.Build.0 = Release|Any CPU
	EndGlobalSection
	GlobalSection(SolutionProperties) = preSolution
		HideSolutionNode = FALSE
	EndGlobalSection
	GlobalSection(ExtensibilityGlobals) = postSolution
		SolutionGuid = {A264052D-4405-4CEB-BD88-F7A6E5E6B544}
	EndGlobalSection
EndGlobal
